
Microsoft Visual Studio Solution File, Format Version 12.00
# Visual Studio Version 17
VisualStudioVersion = 17.0.31903.59
MinimumVisualStudioVersion = 10.0.40219.1
Project("{2150E333-8FDC-42A3-9474-1A3956D46DE8}") = "src", "src", "{827E0CD3-B72D-47B6-A68D-7590B98EB39B}"
EndProject
Project("{FAE04EC0-301F-11D3-BF4B-00C04F79EFBC}") = "Monolith", "src\Monolith\Monolith.csproj", "{15884005-702E-4B32-BEEE-C5C1B0AB1AFA}"
EndProject
Project("{FAE04EC0-301F-11D3-BF4B-00C04F79EFBC}") = "Monolith.Shared", "src\Monolith.Shared\Monolith.Shared.csproj", "{77F15BCC-B580-4F78-AE8C-B1CD9FACA3D4}"
EndProject
Project("{FAE04EC0-301F-11D3-BF4B-00C04F79EFBC}") = "Monolith.Sentinel", "src\Monolith.Sentinel\Monolith.Sentinel.csproj", "{CB47B44C-55DB-471A-AD74-EEE411ACB561}"
EndProject
Project("{FAE04EC0-301F-11D3-BF4B-00C04F79EFBC}") = "Monolith.Editor", "src\Monolith.Editor\Monolith.Editor.csproj", "{A1B2C3D4-E5F6-7890-ABCD-EF0123456789}"
EndProject
Project("{FAE04EC0-301F-11D3-BF4B-00C04F79EFBC}") = "Monolith.Launcher", "src\Monolith.Launcher\Monolith.Launcher.csproj", "{B2C3D4E5-F6A7-8901-BCDE-F0123456789A}"
EndProject
Project("{FAE04EC0-301F-11D3-BF4B-00C04F79EFBC}") = "Monolith.Telemetry", "src\Monolith.Telemetry\Monolith.Telemetry.csproj", "{C3D4E5F6-A7B8-9012-CDEF-0123456789AB}"
EndProject
Project("{2150E333-8FDC-42A3-9474-1A3956D46DE8}") = "tests", "tests", "{0AB3BF05-4346-4AA6-1389-037BE0695223}"
EndProject
Project("{FAE04EC0-301F-11D3-BF4B-00C04F79EFBC}") = "Monolith.Tests", "tests\Monolith.Tests\Monolith.Tests.csproj", "{747C02B4-74FE-4EEE-83B8-4EF51C0F19BF}"
EndProject
Project("{FAE04EC0-301F-11D3-BF4B-00C04F79EFBC}") = "Monolith.Sentinel.Tests", "tests\Monolith.Sentinel.Tests\Monolith.Sentinel.Tests.csproj", "{BFA7ABB3-9F20-4B8A-B5BB-11B850DBFB52}"
EndProject
Project("{FAE04EC0-301F-11D3-BF4B-00C04F79EFBC}") = "Monolith.Publish", "src\Monolith.Publish\Monolith.Publish.csproj", "{4596A405-CF49-4D6D-8D86-2A6CC3C03C88}"
EndProject
Project("{FAE04EC0-301F-11D3-BF4B-00C04F79EFBC}") = "Monolith.Store", "src\Monolith.Store\Monolith.Store.csproj", "{48CCB464-BE39-4F4A-9BE8-4C4BC8506BD6}"
EndProject
Global
	GlobalSection(SolutionConfigurationPlatforms) = preSolution
		Debug|Any CPU = Debug|Any CPU
		Debug|x64 = Debug|x64
		Debug|x86 = Debug|x86
		Release|Any CPU = Release|Any CPU
		Release|x64 = Release|x64
		Release|x86 = Release|x86
	EndGlobalSection
	GlobalSection(ProjectConfigurationPlatforms) = postSolution
		{15884005-702E-4B32-BEEE-C5C1B0AB1AFA}.Debug|Any CPU.ActiveCfg = Debug|Any CPU
		{15884005-702E-4B32-BEEE-C5C1B0AB1AFA}.Debug|Any CPU.Build.0 = Debug|Any CPU
		{15884005-702E-4B32-BEEE-C5C1B0AB1AFA}.Debug|x64.ActiveCfg = Debug|Any CPU
		{15884005-702E-4B32-BEEE-C5C1B0AB1AFA}.Debug|x64.Build.0 = Debug|Any CPU
		{15884005-702E-4B32-BEEE-C5C1B0AB1AFA}.Debug|x86.ActiveCfg = Debug|Any CPU
		{15884005-702E-4B32-BEEE-C5C1B0AB1AFA}.Debug|x86.Build.0 = Debug|Any CPU
		{15884005-702E-4B32-BEEE-C5C1B0AB1AFA}.Release|Any CPU.ActiveCfg = Release|Any CPU
		{15884005-702E-4B32-BEEE-C5C1B0AB1AFA}.Release|Any CPU.Build.0 = Release|Any CPU
		{15884005-702E-4B32-BEEE-C5C1B0AB1AFA}.Release|x64.ActiveCfg = Release|Any CPU
		{15884005-702E-4B32-BEEE-C5C1B0AB1AFA}.Release|x64.Build.0 = Release|Any CPU
		{15884005-702E-4B32-BEEE-C5C1B0AB1AFA}.Release|x86.ActiveCfg = Release|Any CPU
		{15884005-702E-4B32-BEEE-C5C1B0AB1AFA}.Release|x86.Build.0 = Release|Any CPU
		{77F15BCC-B580-4F78-AE8C-B1CD9FACA3D4}.Debug|Any CPU.ActiveCfg = Debug|Any CPU
		{77F15BCC-B580-4F78-AE8C-B1CD9FACA3D4}.Debug|Any CPU.Build.0 = Debug|Any CPU
		{77F15BCC-B580-4F78-AE8C-B1CD9FACA3D4}.Debug|x64.ActiveCfg = Debug|Any CPU
		{77F15BCC-B580-4F78-AE8C-B1CD9FACA3D4}.Debug|x64.Build.0 = Debug|Any CPU
		{77F15BCC-B580-4F78-AE8C-B1CD9FACA3D4}.Debug|x86.ActiveCfg = Debug|Any CPU
		{77F15BCC-B580-4F78-AE8C-B1CD9FACA3D4}.Debug|x86.Build.0 = Debug|Any CPU
		{77F15BCC-B580-4F78-AE8C-B1CD9FACA3D4}.Release|Any CPU.ActiveCfg = Release|Any CPU
		{77F15BCC-B580-4F78-AE8C-B1CD9FACA3D4}.Release|Any CPU.Build.0 = Release|Any CPU
		{77F15BCC-B580-4F78-AE8C-B1CD9FACA3D4}.Release|x64.ActiveCfg = Release|Any CPU
		{77F15BCC-B580-4F78-AE8C-B1CD9FACA3D4}.Release|x64.Build.0 = Release|Any CPU
		{77F15BCC-B580-4F78-AE8C-B1CD9FACA3D4}.Release|x86.ActiveCfg = Release|Any CPU
		{77F15BCC-B580-4F78-AE8C-B1CD9FACA3D4}.Release|x86.Build.0 = Release|Any CPU
		{CB47B44C-55DB-471A-AD74-EEE411ACB561}.Debug|Any CPU.ActiveCfg = Debug|Any CPU
		{CB47B44C-55DB-471A-AD74-EEE411ACB561}.Debug|Any CPU.Build.0 = Debug|Any CPU
		{CB47B44C-55DB-471A-AD74-EEE411ACB561}.Debug|x64.ActiveCfg = Debug|Any CPU
		{CB47B44C-55DB-471A-AD74-EEE411ACB561}.Debug|x64.Build.0 = Debug|Any CPU
		{CB47B44C-55DB-471A-AD74-EEE411ACB561}.Debug|x86.ActiveCfg = Debug|Any CPU
		{CB47B44C-55DB-471A-AD74-EEE411ACB561}.Debug|x86.Build.0 = Debug|Any CPU
		{CB47B44C-55DB-471A-AD74-EEE411ACB561}.Release|Any CPU.ActiveCfg = Release|Any CPU
		{CB47B44C-55DB-471A-AD74-EEE411ACB561}.Release|Any CPU.Build.0 = Release|Any CPU
		{CB47B44C-55DB-471A-AD74-EEE411ACB561}.Release|x64.ActiveCfg = Release|Any CPU
		{CB47B44C-55DB-471A-AD74-EEE411ACB561}.Release|x64.Build.0 = Release|Any CPU
		{CB47B44C-55DB-471A-AD74-EEE411ACB561}.Release|x86.ActiveCfg = Release|Any CPU
		{CB47B44C-55DB-471A-AD74-EEE411ACB561}.Release|x86.Build.0 = Release|Any CPU
		{A1B2C3D4-E5F6-7890-ABCD-EF0123456789}.Debug|Any CPU.ActiveCfg = Debug|Any CPU
		{A1B2C3D4-E5F6-7890-ABCD-EF0123456789}.Debug|Any CPU.Build.0 = Debug|Any CPU
		{A1B2C3D4-E5F6-7890-ABCD-EF0123456789}.Release|Any CPU.ActiveCfg = Release|Any CPU
		{A1B2C3D4-E5F6-7890-ABCD-EF0123456789}.Release|Any CPU.Build.0 = Release|Any CPU
		{B2C3D4E5-F6A7-8901-BCDE-F0123456789A}.Debug|Any CPU.ActiveCfg = Debug|Any CPU
		{B2C3D4E5-F6A7-8901-BCDE-F0123456789A}.Debug|Any CPU.Build.0 = Debug|Any CPU
		{B2C3D4E5-F6A7-8901-BCDE-F0123456789A}.Release|Any CPU.ActiveCfg = Release|Any CPU
		{B2C3D4E5-F6A7-8901-BCDE-F0123456789A}.Release|Any CPU.Build.0 = Release|Any CPU
		{B2C3D4E5-F6A7-8901-BCDE-F0123456789A}.Release|x64.ActiveCfg = Release|Any CPU
		{B2C3D4E5-F6A7-8901-BCDE-F0123456789A}.Release|x64.Build.0 = Release|Any CPU
		{B2C3D4E5-F6A7-8901-BCDE-F0123456789A}.Release|x86.ActiveCfg = Release|Any CPU
		{B2C3D4E5-F6A7-8901-BCDE-F0123456789A}.Release|x86.Build.0 = Release|Any CPU
		{C3D4E5F6-A7B8-9012-CDEF-0123456789AB}.Debug|Any CPU.ActiveCfg = Debug|Any CPU
		{C3D4E5F6-A7B8-9012-CDEF-0123456789AB}.Debug|Any CPU.Build.0 = Debug|Any CPU
		{C3D4E5F6-A7B8-9012-CDEF-0123456789AB}.Release|Any CPU.ActiveCfg = Release|Any CPU
		{C3D4E5F6-A7B8-9012-CDEF-0123456789AB}.Release|Any CPU.Build.0 = Release|Any CPU
		{747C02B4-74FE-4EEE-83B8-4EF51C0F19BF}.Debug|Any CPU.ActiveCfg = Debug|Any CPU
		{747C02B4-74FE-4EEE-83B8-4EF51C0F19BF}.Debug|Any CPU.Build.0 = Debug|Any CPU
		{747C02B4-74FE-4EEE-83B8-4EF51C0F19BF}.Debug|x64.ActiveCfg = Debug|Any CPU
		{747C02B4-74FE-4EEE-83B8-4EF51C0F19BF}.Debug|x64.Build.0 = Debug|Any CPU
		{747C02B4-74FE-4EEE-83B8-4EF51C0F19BF}.Debug|x86.ActiveCfg = Debug|Any CPU
		{747C02B4-74FE-4EEE-83B8-4EF51C0F19BF}.Debug|x86.Build.0 = Debug|Any CPU
		{747C02B4-74FE-4EEE-83B8-4EF51C0F19BF}.Release|Any CPU.ActiveCfg = Release|Any CPU
		{747C02B4-74FE-4EEE-83B8-4EF51C0F19BF}.Release|Any CPU.Build.0 = Release|Any CPU
		{747C02B4-74FE-4EEE-83B8-4EF51C0F19BF}.Release|x64.ActiveCfg = Release|Any CPU
		{747C02B4-74FE-4EEE-83B8-4EF51C0F19BF}.Release|x64.Build.0 = Release|Any CPU
		{747C02B4-74FE-4EEE-83B8-4EF51C0F19BF}.Release|x86.ActiveCfg = Release|Any CPU
		{747C02B4-74FE-4EEE-83B8-4EF51C0F19BF}.Release|x86.Build.0 = Release|Any CPU
		{BFA7ABB3-9F20-4B8A-B5BB-11B850DBFB52}.Debug|Any CPU.ActiveCfg = Debug|Any CPU
		{BFA7ABB3-9F20-4B8A-B5BB-11B850DBFB52}.Debug|Any CPU.Build.0 = Debug|Any CPU
		{BFA7ABB3-9F20-4B8A-B5BB-11B850DBFB52}.Debug|x64.ActiveCfg = Debug|Any CPU
		{BFA7ABB3-9F20-4B8A-B5BB-11B850DBFB52}.Debug|x64.Build.0 = Debug|Any CPU
		{BFA7ABB3-9F20-4B8A-B5BB-11B850DBFB52}.Debug|x86.ActiveCfg = Debug|Any CPU
		{BFA7ABB3-9F20-4B8A-B5BB-11B850DBFB52}.Debug|x86.Build.0 = Debug|Any CPU
		{BFA7ABB3-9F20-4B8A-B5BB-11B850DBFB52}.Release|Any CPU.ActiveCfg = Release|Any CPU
		{BFA7ABB3-9F20-4B8A-B5BB-11B850DBFB52}.Release|Any CPU.Build.0 = Release|Any CPU
		{BFA7ABB3-9F20-4B8A-B5BB-11B850DBFB52}.Release|x64.ActiveCfg = Release|Any CPU
		{BFA7ABB3-9F20-4B8A-B5BB-11B850DBFB52}.Release|x64.Build.0 = Release|Any CPU
		{BFA7ABB3-9F20-4B8A-B5BB-11B850DBFB52}.Release|x86.ActiveCfg = Release|Any CPU
		{BFA7ABB3-9F20-4B8A-B5BB-11B850DBFB52}.Release|x86.Build.0 = Release|Any CPU
		{4596A405-CF49-4D6D-8D86-2A6CC3C03C88}.Debug|Any CPU.ActiveCfg = Debug|Any CPU
		{4596A405-CF49-4D6D-8D86-2A6CC3C03C88}.Debug|Any CPU.Build.0 = Debug|Any CPU
		{4596A405-CF49-4D6D-8D86-2A6CC3C03C88}.Debug|x64.ActiveCfg = Debug|Any CPU
		{4596A405-CF49-4D6D-8D86-2A6CC3C03C88}.Debug|x64.Build.0 = Debug|Any CPU
		{4596A405-CF49-4D6D-8D86-2A6CC3C03C88}.Debug|x86.ActiveCfg = Debug|Any CPU
		{4596A405-CF49-4D6D-8D86-2A6CC3C03C88}.Debug|x86.Build.0 = Debug|Any CPU
		{4596A405-CF49-4D6D-8D86-2A6CC3C03C88}.Release|Any CPU.ActiveCfg = Release|Any CPU
		{4596A405-CF49-4D6D-8D86-2A6CC3C03C88}.Release|Any CPU.Build.0 = Release|Any CPU
		{4596A405-CF49-4D6D-8D86-2A6CC3C03C88}.Release|x64.ActiveCfg = Release|Any CPU
		{4596A405-CF49-4D6D-8D86-2A6CC3C03C88}.Release|x64.Build.0 = Release|Any CPU
		{4596A405-CF49-4D6D-8D86-2A6CC3C03C88}.Release|x86.ActiveCfg = Release|Any CPU
		{4596A405-CF49-4D6D-8D86-2A6CC3C03C88}.Release|x86.Build.0 = Release|Any CPU
		{48CCB464-BE39-4F4A-9BE8-4C4BC8506BD6}.Debug|Any CPU.ActiveCfg = Debug|Any CPU
		{48CCB464-BE39-4F4A-9BE8-4C4BC8506BD6}.Debug|Any CPU.Build.0 = Debug|Any CPU
		{48CCB464-BE39-4F4A-9BE8-4C4BC8506BD6}.Debug|x64.ActiveCfg = Debug|Any CPU
		{48CCB464-BE39-4F4A-9BE8-4C4BC8506BD6}.Debug|x64.Build.0 = Debug|Any CPU
		{48CCB464-BE39-4F4A-9BE8-4C4BC8506BD6}.Debug|x86.ActiveCfg = Debug|Any CPU
		{48CCB464-BE39-4F4A-9BE8-4C4BC8506BD6}.Debug|x86.Build.0 = Debug|Any CPU
		{48CCB464-BE39-4F4A-9BE8-4C4BC8506BD6}.Release|Any CPU.ActiveCfg = Release|Any CPU
		{48CCB464-BE39-4F4A-9BE8-4C4BC8506BD6}.Release|Any CPU.Build.0 = Release|Any CPU
		{48CCB464-BE39-4F4A-9BE8-4C4BC8506BD6}.Release|x64.ActiveCfg = Release|Any CPU
		{48CCB464-BE39-4F4A-9BE8-4C4BC8506BD6}.Release|x64.Build.0 = Release|Any CPU
		{48CCB464-BE39-4F4A-9BE8-4C4BC8506BD6}.Release|x86.ActiveCfg = Release|Any CPU
		{48CCB464-BE39-4F4A-9BE8-4C4BC8506BD6}.Release|x86.Build.0 = Release|Any CPU
	EndGlobalSection
	GlobalSection(SolutionProperties) = preSolution
		HideSolutionNode = FALSE
	EndGlobalSection
	GlobalSection(NestedProjects) = preSolution
		{15884005-702E-4B32-BEEE-C5C1B0AB1AFA} = {827E0CD3-B72D-47B6-A68D-7590B98EB39B}
		{77F15BCC-B580-4F78-AE8C-B1CD9FACA3D4} = {827E0CD3-B72D-47B6-A68D-7590B98EB39B}
		{CB47B44C-55DB-471A-AD74-EEE411ACB561} = {827E0CD3-B72D-47B6-A68D-7590B98EB39B}
		{A1B2C3D4-E5F6-7890-ABCD-EF0123456789} = {827E0CD3-B72D-47B6-A68D-7590B98EB39B}
		{B2C3D4E5-F6A7-8901-BCDE-F0123456789A} = {827E0CD3-B72D-47B6-A68D-7590B98EB39B}
		{C3D4E5F6-A7B8-9012-CDEF-0123456789AB} = {827E0CD3-B72D-47B6-A68D-7590B98EB39B}
		{747C02B4-74FE-4EEE-83B8-4EF51C0F19BF} = {0AB3BF05-4346-4AA6-1389-037BE0695223}
		{BFA7ABB3-9F20-4B8A-B5BB-11B850DBFB52} = {0AB3BF05-4346-4AA6-1389-037BE0695223}
		{4596A405-CF49-4D6D-8D86-2A6CC3C03C88} = {827E0CD3-B72D-47B6-A68D-7590B98EB39B}
		{48CCB464-BE39-4F4A-9BE8-4C4BC8506BD6} = {827E0CD3-B72D-47B6-A68D-7590B98EB39B}
	EndGlobalSection
EndGlobal
